
Microsoft Visual Studio Solution File, Format Version 11.00
# Visual Studio 2010
Project("{FAE04EC0-301F-11D3-BF4B-00C04F79EFBC}") = "DVDProfilerXML_SampleCode", "DVDProfilerXML_SampleCode.csproj", "{0F83B436-11F8-42AE-8A85-5BD534749879}"
EndProject
Project("{FAE04EC0-301F-11D3-BF4B-00C04F79EFBC}") = "DVDProfilerXML", "..\DVDProfilerXML\DVDProfilerXML\DVDProfilerXML.csproj", "{2E90CC6F-892E-45B3-8812-EE52FFA3B222}"
EndProject
Project("{FAE04EC0-301F-11D3-BF4B-00C04F79EFBC}") = "DVDProfilerHelper", "..\DVDProfilerHelper\DVDProfilerHelper\DVDProfilerHelper.csproj", "{461DACCA-8EBF-4C03-AD1A-C438E4EB3B36}"
EndProject
Global
	GlobalSection(TeamFoundationVersionControl) = preSolution
		SccNumberOfProjects = 4
		SccEnterpriseProvider = {4CA58AB2-18FA-4F8D-95D4-32DDF27D184C}
		SccTeamFoundationServer = http://localhost:8080/tfs/defaultcollection
		SccProjectUniqueName0 = DVDProfilerXML_SampleCode.csproj
		SccLocalPath0 = .
		SccProjectUniqueName1 = ..\\DVDProfilerXML\\DVDProfilerXML\\DVDProfilerXML.csproj
		SccProjectName1 = ../DVDProfilerXML/DVDProfilerXML
		SccLocalPath1 = ..\\DVDProfilerXML\\DVDProfilerXML
		SccProjectUniqueName2 = ..\\DVDProfilerHelper\\DVDProfilerHelper\\DVDProfilerHelper.csproj
		SccProjectName2 = ../DVDProfilerHelper/DVDProfilerHelper
		SccLocalPath2 = ..\\DVDProfilerHelper\\DVDProfilerHelper
		SccLocalPath3 = .
	EndGlobalSection
	GlobalSection(SolutionConfigurationPlatforms) = preSolution
		Debug|x86 = Debug|x86
	EndGlobalSection
	GlobalSection(ProjectConfigurationPlatforms) = postSolution
		{0F83B436-11F8-42AE-8A85-5BD534749879}.Debug|x86.ActiveCfg = Debug|x86
		{0F83B436-11F8-42AE-8A85-5BD534749879}.Debug|x86.Build.0 = Debug|x86
		{2E90CC6F-892E-45B3-8812-EE52FFA3B222}.Debug|x86.ActiveCfg = Debug|x86
		{2E90CC6F-892E-45B3-8812-EE52FFA3B222}.Debug|x86.Build.0 = Debug|x86
		{461DACCA-8EBF-4C03-AD1A-C438E4EB3B36}.Debug|x86.ActiveCfg = Debug|x86
		{461DACCA-8EBF-4C03-AD1A-C438E4EB3B36}.Debug|x86.Build.0 = Debug|x86
	EndGlobalSection
	GlobalSection(SolutionProperties) = preSolution
		HideSolutionNode = FALSE
	EndGlobalSection
EndGlobal
